<?xml version="1.0" encoding="utf-8"?>
<Project ToolsVersion="4.0" xmlns="http://schemas.microsoft.com/developer/msbuild/2003">
  <ItemGroup>
    <Filter Include="Core">
      <UniqueIdentifier>{eed9b9cb-0e0a-4b80-b4a0-1a306224472c}</UniqueIdentifier>
    </Filter>
    <Filter Include="Common">
      <UniqueIdentifier>{8bd1d959-4755-43f8-9b39-7a8f4434f1e8}</UniqueIdentifier>
    </Filter>
    <Filter Include="Thread">
      <UniqueIdentifier>{84e567d7-c6fa-454b-afe2-a9b33a4ed358}</UniqueIdentifier>
    </Filter>
    <Filter Include="Core\Input">
      <UniqueIdentifier>{37c4dc7e-631d-43a8-980a-bf164d12a8c4}</UniqueIdentifier>
    </Filter>
    <Filter Include="Core\GameObject">
      <UniqueIdentifier>{e5321753-40b7-4d0e-867f-125551244aac}</UniqueIdentifier>
    </Filter>
    <Filter Include="Lib">
      <UniqueIdentifier>{76a53cf5-ddd6-40d1-916f-c67af51357bf}</UniqueIdentifier>
    </Filter>
    <Filter Include="Render">
      <UniqueIdentifier>{89d3e6b3-00e8-4393-90ad-1e49bad666e0}</UniqueIdentifier>
    </Filter>
  </ItemGroup>
  <ItemGroup>
    <ClInclude Include="Actor.h">
      <Filter>Core\GameObject</Filter>
    </ClInclude>
    <ClInclude Include="BackendRenderer.h">
      <Filter>Render</Filter>
    </ClInclude>
    <ClInclude Include="BackendRendererGL.h">
      <Filter>Render</Filter>
    </ClInclude>
    <ClInclude Include="Character.h">
      <Filter>Core\GameObject</Filter>
    </ClInclude>
    <ClInclude Include="Content.h">
      <Filter>Core</Filter>
    </ClInclude>
    <ClInclude Include="Devices.h">
      <Filter>Common</Filter>
    </ClInclude>
    <ClInclude Include="Entity.h">
      <Filter>Core\GameObject</Filter>
    </ClInclude>
    <ClInclude Include="EntityFactory.h">
      <Filter>Core</Filter>
    </ClInclude>
    <ClInclude Include="FrontendRenderer.h">
      <Filter>Render</Filter>
    </ClInclude>
    <ClInclude Include="FrontendRendererWin32.h">
      <Filter>Render</Filter>
    </ClInclude>
    <ClInclude Include="InputManager.h">
      <Filter>Core\Input</Filter>
    </ClInclude>
    <ClInclude Include="JobList.h">
      <Filter>Thread</Filter>
    </ClInclude>
    <ClInclude Include="Map.h">
      <Filter>Core</Filter>
    </ClInclude>
    <ClInclude Include="MapManager.h">
      <Filter>Core</Filter>
    </ClInclude>
    <ClInclude Include="Math.h">
      <Filter>Common</Filter>
    </ClInclude>
    <ClInclude Include="Mesh.h">
      <Filter>Render</Filter>
    </ClInclude>
    <ClInclude Include="ResourceManager.h">
      <Filter>Core</Filter>
    </ClInclude>
    <ClInclude Include="Thread.h">
      <Filter>Thread</Filter>
    </ClInclude>
    <ClInclude Include="Types.h">
      <Filter>Common</Filter>
    </ClInclude>
    <ClInclude Include="WinInputManager.h">
      <Filter>Core\Input</Filter>
    </ClInclude>
    <ClInclude Include="GLShader.h">
      <Filter>Render</Filter>
    </ClInclude>
    <ClInclude Include="Camera.h">
      <Filter>Core\GameObject</Filter>
    </ClInclude>
    <ClInclude Include="FreeCamera.h">
      <Filter>Core\GameObject</Filter>
    </ClInclude>
    <ClInclude Include="Geometry.h" />
    <ClInclude Include="RenderTypes.h">
      <Filter>Render</Filter>
    </ClInclude>
  </ItemGroup>
  <ItemGroup>
    <ClCompile Include="Actor.cpp">
      <Filter>Core\GameObject</Filter>
    </ClCompile>
    <ClCompile Include="BackendRenderer.cpp">
      <Filter>Render</Filter>
    </ClCompile>
    <ClCompile Include="BackendRendererGL.cpp">
      <Filter>Render</Filter>
    </ClCompile>
    <ClCompile Include="Character.cpp">
      <Filter>Core\GameObject</Filter>
    </ClCompile>
    <ClCompile Include="Content.cpp">
      <Filter>Core</Filter>
    </ClCompile>
    <ClCompile Include="Entity.cpp">
      <Filter>Core\GameObject</Filter>
    </ClCompile>
    <ClCompile Include="FrontendRenderer.cpp">
      <Filter>Render</Filter>
    </ClCompile>
    <ClCompile Include="FrontendRendererWin32.cpp">
      <Filter>Render</Filter>
    </ClCompile>
    <ClCompile Include="glad.c">
      <Filter>Lib</Filter>
    </ClCompile>
    <ClCompile Include="InputManager.cpp">
      <Filter>Core\Input</Filter>
    </ClCompile>
    <ClCompile Include="JobList.cpp">
      <Filter>Thread</Filter>
    </ClCompile>
    <ClCompile Include="Main.cpp" />
    <ClCompile Include="Map.cpp">
      <Filter>Core</Filter>
    </ClCompile>
    <ClCompile Include="Mesh.cpp">
      <Filter>Render</Filter>
    </ClCompile>
    <ClCompile Include="ResourceManager.cpp">
      <Filter>Core</Filter>
    </ClCompile>
    <ClCompile Include="Thread.cpp">
      <Filter>Thread</Filter>
    </ClCompile>
    <ClCompile Include="WinInputManager.cpp">
      <Filter>Core\Input</Filter>
    </ClCompile>
    <ClCompile Include="Camera.cpp">
      <Filter>Core\GameObject</Filter>
    </ClCompile>
    <ClCompile Include="Geometry.cpp" />
    <ClCompile Include="EntityFactory.cpp">
      <Filter>Core</Filter>
    </ClCompile>
  </ItemGroup>
  <ItemGroup>
    <None Include="Shaders\shader.fs" />
    <None Include="Shaders\shader.vs" />
  </ItemGroup>
</Project>