<?xml version="1.0" encoding="utf-8"?>
<Project ToolsVersion="4.0" xmlns="http://schemas.microsoft.com/developer/msbuild/2003">
  <ItemGroup>
    <Filter Include="Core">
      <UniqueIdentifier>{eed9b9cb-0e0a-4b80-b4a0-1a306224472c}</UniqueIdentifier>
    </Filter>
    <Filter Include="Common">
      <UniqueIdentifier>{8bd1d959-4755-43f8-9b39-7a8f4434f1e8}</UniqueIdentifier>
    </Filter>
    <Filter Include="Thread">
      <UniqueIdentifier>{84e567d7-c6fa-454b-afe2-a9b33a4ed358}</UniqueIdentifier>
    </Filter>
    <Filter Include="Core\GameObject">
      <UniqueIdentifier>{e5321753-40b7-4d0e-867f-125551244aac}</UniqueIdentifier>
    </Filter>
    <Filter Include="Render">
      <UniqueIdentifier>{89d3e6b3-00e8-4393-90ad-1e49bad666e0}</UniqueIdentifier>
    </Filter>
    <Filter Include="Core\Lib">
      <UniqueIdentifier>{76a53cf5-ddd6-40d1-916f-c67af51357bf}</UniqueIdentifier>
    </Filter>
    <Filter Include="Core\Component">
      <UniqueIdentifier>{c301e7e0-e14d-4681-8ea3-59bbd09c050b}</UniqueIdentifier>
    </Filter>
    <Filter Include="Core\SysInput">
      <UniqueIdentifier>{37c4dc7e-631d-43a8-980a-bf164d12a8c4}</UniqueIdentifier>
    </Filter>
  </ItemGroup>
  <ItemGroup>
    <None Include="Shaders\shader.fs" />
    <None Include="Shaders\shader.vs" />
    <None Include="Shaders\instancing.vs" />
    <None Include="Shaders\instancing.fs" />
    <None Include="Shaders\explode.gs" />
    <None Include="Shaders\grass.vs" />
    <None Include="Shaders\grass.fs" />
    <None Include="Shaders\grass.gs" />
    <None Include="Shaders\shadowMapping.vs" />
    <None Include="Shaders\shadowMapping.fs" />
    <None Include="Shaders\odShadowMapping.vs" />
    <None Include="Shaders\odShadowMapping.gs" />
    <None Include="Shaders\odShadowMapping.fs" />
    <None Include="Shaders\normal.gs" />
    <None Include="Shaders\normal.fs" />
    <None Include="Shaders\normal.vs" />
    <None Include="Shaders\heightMapping.vs" />
    <None Include="Shaders\heightMapping.fs" />
    <None Include="Shaders\postRendering.vs" />
    <None Include="Shaders\postRendering.fs" />
    <None Include="Shaders\bluring.vs" />
    <None Include="Shaders\bluring.fs" />
    <None Include="Shaders\skybox.vs" />
    <None Include="Shaders\skybox.fs" />
    <None Include="Shaders\GBufferShader.fs" />
    <None Include="Shaders\GBufferShader.vs" />
    <None Include="Shaders\deferredShader.vs" />
    <None Include="Shaders\deferredShader.fs" />
  </ItemGroup>
  <ItemGroup>
    <ClCompile Include="Source\Actor.cpp">
      <Filter>Core\GameObject</Filter>
    </ClCompile>
    <ClCompile Include="Source\BackendRenderer.cpp">
      <Filter>Render</Filter>
    </ClCompile>
    <ClCompile Include="Source\BackendRendererGL.cpp">
      <Filter>Render</Filter>
    </ClCompile>
    <ClCompile Include="Source\Character.cpp">
      <Filter>Core\GameObject</Filter>
    </ClCompile>
    <ClCompile Include="Source\Entity.cpp">
      <Filter>Core\GameObject</Filter>
    </ClCompile>
    <ClCompile Include="Source\FrontendRendererWin32.cpp">
      <Filter>Render</Filter>
    </ClCompile>
    <ClCompile Include="Source\WinInputManager.cpp">
      <Filter>Core\SysInput</Filter>
    </ClCompile>
    <ClCompile Include="Source\JobList.cpp">
      <Filter>Thread</Filter>
    </ClCompile>
    <ClCompile Include="Source\Thread.cpp">
      <Filter>Thread</Filter>
    </ClCompile>
    <ClCompile Include="Source\InputManager.cpp">
      <Filter>Core\SysInput</Filter>
    </ClCompile>
    <ClCompile Include="Source\Mesh.cpp">
      <Filter>Core\GameObject</Filter>
    </ClCompile>
    <ClCompile Include="Source\Terrain.cpp">
      <Filter>Core\GameObject</Filter>
    </ClCompile>
    <ClCompile Include="Source\Map.cpp">
      <Filter>Core\GameObject</Filter>
    </ClCompile>
    <ClCompile Include="Source\Geometry.cpp">
      <Filter>Core\GameObject</Filter>
    </ClCompile>
    <ClCompile Include="Source\Camera.cpp">
      <Filter>Core\GameObject</Filter>
    </ClCompile>
    <ClCompile Include="Source\ClockWin32.cpp">
      <Filter>Core\Component</Filter>
    </ClCompile>
    <ClCompile Include="Source\Content.cpp">
      <Filter>Core\Component</Filter>
    </ClCompile>
    <ClCompile Include="Source\ResourceManager.cpp">
      <Filter>Core\Component</Filter>
    </ClCompile>
    <ClCompile Include="Source\Setting.cpp">
      <Filter>Core\Component</Filter>
    </ClCompile>
    <ClCompile Include="Source\Timer.cpp">
      <Filter>Core\Component</Filter>
    </ClCompile>
    <ClCompile Include="Source\EntityFactory.cpp">
      <Filter>Core\Component</Filter>
    </ClCompile>
    <ClCompile Include="Source\Singleton.cpp">
      <Filter>Common</Filter>
    </ClCompile>
    <ClCompile Include="Source\Main.cpp">
      <Filter>Common</Filter>
    </ClCompile>
    <ClCompile Include="Source\tinyxml2.cpp" />
    <ClCompile Include="Source\glad.c" />
    <ClCompile Include="Source\Animator.cpp">
      <Filter>Core\Component</Filter>
    </ClCompile>
    <ClCompile Include="Source\Transform.cpp">
      <Filter>Core\GameObject</Filter>
    </ClCompile>
    <ClCompile Include="Source\SkeletalMesh.cpp" />
    <ClCompile Include="Source\CharacterState.cpp" />
    <ClCompile Include="Source\Examples\FPSCharacterExample.cpp" />
    <ClCompile Include="Source\Examples\TPSCharacterExample.cpp" />
  </ItemGroup>
  <ItemGroup>
    <ClInclude Include="Source\Actor.h">
      <Filter>Core\GameObject</Filter>
    </ClInclude>
    <ClInclude Include="Source\Algorithm.h">
      <Filter>Common</Filter>
    </ClInclude>
    <ClInclude Include="Source\BackendRenderer.h">
      <Filter>Render</Filter>
    </ClInclude>
    <ClInclude Include="Source\BackendRendererGL.h">
      <Filter>Render</Filter>
    </ClInclude>
    <ClInclude Include="Source\Character.h">
      <Filter>Core\GameObject</Filter>
    </ClInclude>
    <ClInclude Include="Source\FrontendRendererWin32.h">
      <Filter>Render</Filter>
    </ClInclude>
    <ClInclude Include="Source\WinInputManager.h">
      <Filter>Core\SysInput</Filter>
    </ClInclude>
    <ClInclude Include="Source\Jackdaw.h">
      <Filter>Common</Filter>
    </ClInclude>
    <ClInclude Include="Source\GLShader.h">
      <Filter>Render</Filter>
    </ClInclude>
    <ClInclude Include="Source\Entity.h">
      <Filter>Core\GameObject</Filter>
    </ClInclude>
    <ClInclude Include="Source\InputManager.h">
      <Filter>Core\SysInput</Filter>
    </ClInclude>
    <ClInclude Include="Source\JobList.h">
      <Filter>Thread</Filter>
    </ClInclude>
    <ClInclude Include="Source\Thread.h">
      <Filter>Thread</Filter>
    </ClInclude>
    <ClInclude Include="Source\Types.h">
      <Filter>Common</Filter>
    </ClInclude>
    <ClInclude Include="Source\Math.h">
      <Filter>Common</Filter>
    </ClInclude>
    <ClInclude Include="Source\Mesh.h">
      <Filter>Core\GameObject</Filter>
    </ClInclude>
    <ClInclude Include="Source\Model.h">
      <Filter>Core\GameObject</Filter>
    </ClInclude>
    <ClInclude Include="Source\Terrain.h">
      <Filter>Core\GameObject</Filter>
    </ClInclude>
    <ClInclude Include="Source\Map.h">
      <Filter>Core\GameObject</Filter>
    </ClInclude>
    <ClInclude Include="Source\Devices.h">
      <Filter>Core\GameObject</Filter>
    </ClInclude>
    <ClInclude Include="Source\Geometry.h">
      <Filter>Core\GameObject</Filter>
    </ClInclude>
    <ClInclude Include="Source\Camera.h">
      <Filter>Core\GameObject</Filter>
    </ClInclude>
    <ClInclude Include="Source\Clock.h">
      <Filter>Core\Component</Filter>
    </ClInclude>
    <ClInclude Include="Source\ClockWin32.h">
      <Filter>Core\Component</Filter>
    </ClInclude>
    <ClInclude Include="Source\Content.h">
      <Filter>Core\Component</Filter>
    </ClInclude>
    <ClInclude Include="Source\MapManager.h">
      <Filter>Core\Component</Filter>
    </ClInclude>
    <ClInclude Include="Source\ResourceManager.h">
      <Filter>Core\Component</Filter>
    </ClInclude>
    <ClInclude Include="Source\Setting.h">
      <Filter>Core\Component</Filter>
    </ClInclude>
    <ClInclude Include="Source\Timer.h">
      <Filter>Core\Component</Filter>
    </ClInclude>
    <ClInclude Include="Source\EntityFactory.h">
      <Filter>Core\Component</Filter>
    </ClInclude>
    <ClInclude Include="Source\Singleton.h">
      <Filter>Common</Filter>
    </ClInclude>
    <ClInclude Include="Source\Light.h">
      <Filter>Render</Filter>
    </ClInclude>
    <ClInclude Include="Source\Animator.h">
      <Filter>Core\Component</Filter>
    </ClInclude>
    <ClInclude Include="Source\Transform.h">
      <Filter>Core\GameObject</Filter>
    </ClInclude>
    <ClInclude Include="Source\SkeletalMesh.h" />
    <ClInclude Include="Source\DeviceWindow.h">
      <Filter>Render</Filter>
    </ClInclude>
    <ClInclude Include="Source\CharacterState.h" />
    <ClInclude Include="Source\jkInput.h">
      <Filter>Core\GameObject</Filter>
    </ClInclude>
    <ClInclude Include="Source\Examples\FPSCharacterExample.h">
      <Filter>Core\GameObject</Filter>
    </ClInclude>
    <ClInclude Include="Source\Examples\TPSCharacterExample.h" />
  </ItemGroup>
</Project>